
Microsoft Visual Studio Solution File, Format Version 12.00
# Visual Studio Version 17
VisualStudioVersion = 17.2.32602.215
MinimumVisualStudioVersion = 10.0.40219.1
Project("{9A19103F-16F7-4668-BE54-9A1E7A4F7556}") = "SchoolWebApi", "SchoolWebApi\SchoolWebApi.csproj", "{659AA278-6A75-4C20-B710-786AF3BB7BAA}"
EndProject
Global
	GlobalSection(SolutionConfigurationPlatforms) = preSolution
		Debug|Any CPU = Debug|Any CPU
		Release|Any CPU = Release|Any CPU
	EndGlobalSection
	GlobalSection(ProjectConfigurationPlatforms) = postSolution
		{659AA278-6A75-4C20-B710-786AF3BB7BAA}.Debug|Any CPU.ActiveCfg = Debug|Any CPU
		{659AA278-6A75-4C20-B710-786AF3BB7BAA}.Debug|Any CPU.Build.0 = Debug|Any CPU
		{659AA278-6A75-4C20-B710-786AF3BB7BAA}.Release|Any CPU.ActiveCfg = Release|Any CPU
		{659AA278-6A75-4C20-B710-786AF3BB7BAA}.Release|Any CPU.Build.0 = Release|Any CPU
	EndGlobalSection
	GlobalSection(SolutionProperties) = preSolution
		HideSolutionNode = FALSE
	EndGlobalSection
	GlobalSection(ExtensibilityGlobals) = postSolution
		SolutionGuid = {35B4A3C1-AD9A-4827-8C60-A622F6B9DDD3}
	EndGlobalSection
EndGlobal
